
Microsoft Visual Studio Solution File, Format Version 12.00
# Visual Studio Version 17
VisualStudioVersion = 17.7.34031.279
MinimumVisualStudioVersion = 10.0.40219.1
Project("{FAE04EC0-301F-11D3-BF4B-00C04F79EFBC}") = "Pheasant.Forms", "Pheasant.Forms\Pheasant.Forms.csproj", "{68E68EC1-9532-45E9-9541-FEBC46723644}"
EndProject
Project("{E53339B2-1760-4266-BCC7-CA923CBCF16C}") = "docker-compose", "docker-compose.dcproj", "{AE596B5E-571C-4240-A327-9DBD727E51E4}"
EndProject
Global
	GlobalSection(SolutionConfigurationPlatforms) = preSolution
		Debug|Any CPU = Debug|Any CPU
		Release|Any CPU = Release|Any CPU
	EndGlobalSection
	GlobalSection(ProjectConfigurationPlatforms) = postSolution
		{68E68EC1-9532-45E9-9541-FEBC46723644}.Debug|Any CPU.ActiveCfg = Debug|Any CPU
		{68E68EC1-9532-45E9-9541-FEBC46723644}.Debug|Any CPU.Build.0 = Debug|Any CPU
		{68E68EC1-9532-45E9-9541-FEBC46723644}.Release|Any CPU.ActiveCfg = Release|Any CPU
		{68E68EC1-9532-45E9-9541-FEBC46723644}.Release|Any CPU.Build.0 = Release|Any CPU
		{AE596B5E-571C-4240-A327-9DBD727E51E4}.Debug|Any CPU.ActiveCfg = Debug|Any CPU
		{AE596B5E-571C-4240-A327-9DBD727E51E4}.Debug|Any CPU.Build.0 = Debug|Any CPU
		{AE596B5E-571C-4240-A327-9DBD727E51E4}.Release|Any CPU.ActiveCfg = Release|Any CPU
		{AE596B5E-571C-4240-A327-9DBD727E51E4}.Release|Any CPU.Build.0 = Release|Any CPU
	EndGlobalSection
	GlobalSection(SolutionProperties) = preSolution
		HideSolutionNode = FALSE
	EndGlobalSection
	GlobalSection(ExtensibilityGlobals) = postSolution
		SolutionGuid = {F2DF3E46-5347-4C36-9381-BC116F7FFF3D}
	EndGlobalSection
EndGlobal
